
Microsoft Visual Studio Solution File, Format Version 12.00
# Visual Studio Version 17
VisualStudioVersion = 17.0.32126.317
MinimumVisualStudioVersion = 10.0.40219.1
Project("{FAE04EC0-301F-11D3-BF4B-00C04F79EFBC}") = "WindowsFormsApp1", "WindowsFormsApp1\WindowsFormsApp1.csproj", "{6614D129-BDB6-4391-A923-31928B65C29C}"
EndProject
Global
	GlobalSection(SolutionConfigurationPlatforms) = preSolution
		Debug|Any CPU = Debug|Any CPU
		Release|Any CPU = Release|Any CPU
	EndGlobalSection
	GlobalSection(ProjectConfigurationPlatforms) = postSolution
		{6614D129-BDB6-4391-A923-31928B65C29C}.Debug|Any CPU.ActiveCfg = Debug|Any CPU
		{6614D129-BDB6-4391-A923-31928B65C29C}.Debug|Any CPU.Build.0 = Debug|Any CPU
		{6614D129-BDB6-4391-A923-31928B65C29C}.Release|Any CPU.ActiveCfg = Release|Any CPU
		{6614D129-BDB6-4391-A923-31928B65C29C}.Release|Any CPU.Build.0 = Release|Any CPU
	EndGlobalSection
	GlobalSection(SolutionProperties) = preSolution
		HideSolutionNode = FALSE
	EndGlobalSection
	GlobalSection(ExtensibilityGlobals) = postSolution
		SolutionGuid = {D8433E07-E233-40D5-9506-6C7749F53A37}
	EndGlobalSection
EndGlobal
